
Microsoft Visual Studio Solution File, Format Version 12.00
# Visual Studio Version 17
VisualStudioVersion = 17.13.35825.156 d17.13
MinimumVisualStudioVersion = 10.0.40219.1
Project("{2150E333-8FDC-42A3-9474-1A3956D46DE8}") = "FrontEnd", "FrontEnd", "{02EA681E-C7D8-13C7-8484-4AC65E1B71E8}"
EndProject
Project("{2150E333-8FDC-42A3-9474-1A3956D46DE8}") = "Gateway", "Gateway", "{AEEB5A97-4E1B-47FF-9735-A037380A9D7B}"
EndProject
Project("{2150E333-8FDC-42A3-9474-1A3956D46DE8}") = "Integration", "Integration", "{6BAA12C7-31CF-406A-9FD2-64E55257D770}"
EndProject
Project("{2150E333-8FDC-42A3-9474-1A3956D46DE8}") = "Services", "Services", "{88939407-21F2-4159-AC8F-5793E71359AE}"
EndProject
Project("{FAE04EC0-301F-11D3-BF4B-00C04F79EFBC}") = "Mango.Services.CouponAPI", "Mango.Services.CouponAPI\Mango.Services.CouponAPI.csproj", "{B94F85ED-4A4D-4531-9EC3-10B61485DD47}"
EndProject
Global
	GlobalSection(SolutionConfigurationPlatforms) = preSolution
		Debug|Any CPU = Debug|Any CPU
		Release|Any CPU = Release|Any CPU
	EndGlobalSection
	GlobalSection(ProjectConfigurationPlatforms) = postSolution
		{B94F85ED-4A4D-4531-9EC3-10B61485DD47}.Debug|Any CPU.ActiveCfg = Debug|Any CPU
		{B94F85ED-4A4D-4531-9EC3-10B61485DD47}.Debug|Any CPU.Build.0 = Debug|Any CPU
		{B94F85ED-4A4D-4531-9EC3-10B61485DD47}.Release|Any CPU.ActiveCfg = Release|Any CPU
		{B94F85ED-4A4D-4531-9EC3-10B61485DD47}.Release|Any CPU.Build.0 = Release|Any CPU
	EndGlobalSection
	GlobalSection(SolutionProperties) = preSolution
		HideSolutionNode = FALSE
	EndGlobalSection
	GlobalSection(NestedProjects) = preSolution
		{B94F85ED-4A4D-4531-9EC3-10B61485DD47} = {88939407-21F2-4159-AC8F-5793E71359AE}
	EndGlobalSection
	GlobalSection(ExtensibilityGlobals) = postSolution
		SolutionGuid = {1DA7FA11-6D3B-42BC-B492-DE5A4861482C}
	EndGlobalSection
EndGlobal
